// !$*UTF8*$!
{
	archiveVersion = 1;
	classes = {
	};
	objectVersion = 46;
	objects = {

/* Begin PBXBuildFile section */
		8C02AC4B1A375ACD00ADDE59 /* main.m in Sources */ = {isa = PBXBuildFile; fileRef = 8C02AC4A1A375ACD00ADDE59 /* main.m */; };
		8C02AC561A375ACD00ADDE59 /* Images.xcassets in Resources */ = {isa = PBXBuildFile; fileRef = 8C02AC551A375ACD00ADDE59 /* Images.xcassets */; };
		8C02AC591A375ACD00ADDE59 /* LaunchScreen.xib in Resources */ = {isa = PBXBuildFile; fileRef = 8C02AC571A375ACD00ADDE59 /* LaunchScreen.xib */; };
		8C02AC651A375ACE00ADDE59 /* Storyboards_ExampleTests.m in Sources */ = {isa = PBXBuildFile; fileRef = 8C02AC641A375ACE00ADDE59 /* Storyboards_ExampleTests.m */; };
		8C02AC741A375C4900ADDE59 /* AppDelegate.m in Sources */ = {isa = PBXBuildFile; fileRef = 8C02AC701A375C4900ADDE59 /* AppDelegate.m */; };
		8C02AC751A375C4900ADDE59 /* SBViewController.m in Sources */ = {isa = PBXBuildFile; fileRef = 8C02AC731A375C4900ADDE59 /* SBViewController.m */; };
		8C02AC781A375C7E00ADDE59 /* SBViewController.xib in Resources */ = {isa = PBXBuildFile; fileRef = 8C02AC771A375C7E00ADDE59 /* SBViewController.xib */; };
		8C02AC8B1A375E6600ADDE59 /* SBConstants.m in Sources */ = {isa = PBXBuildFile; fileRef = 8C02AC8A1A375E6600ADDE59 /* SBConstants.m */; };
		8C02AC8D1A376CAD00ADDE59 /* PassingData.storyboard in Resources */ = {isa = PBXBuildFile; fileRef = 8C02AC8C1A376CAD00ADDE59 /* PassingData.storyboard */; };
		8C02AC901A376D1F00ADDE59 /* SBPassingDataViewController.m in Sources */ = {isa = PBXBuildFile; fileRef = 8C02AC8F1A376D1F00ADDE59 /* SBPassingDataViewController.m */; };
		8C02AC931A37713000ADDE59 /* SBPassingDataToSecondViewController.m in Sources */ = {isa = PBXBuildFile; fileRef = 8C02AC921A37713000ADDE59 /* SBPassingDataToSecondViewController.m */; };
		8C68EB8B1A38642200810D68 /* PushFromTableView.storyboard in Resources */ = {isa = PBXBuildFile; fileRef = 8C68EB8A1A38642200810D68 /* PushFromTableView.storyboard */; };
		8C68EB8E1A38648C00810D68 /* SBPushFromTableView.m in Sources */ = {isa = PBXBuildFile; fileRef = 8C68EB8D1A38648C00810D68 /* SBPushFromTableView.m */; };
		8C68EB911A3864CB00810D68 /* SBPushFromTableViewSecondVC.m in Sources */ = {isa = PBXBuildFile; fileRef = 8C68EB901A3864CB00810D68 /* SBPushFromTableViewSecondVC.m */; };
		8C68EB951A38697600810D68 /* SBCustomTableViewCellVC.m in Sources */ = {isa = PBXBuildFile; fileRef = 8C68EB941A38697600810D68 /* SBCustomTableViewCellVC.m */; };
		8C68EB971A38699200810D68 /* CustomTableViewCell.storyboard in Resources */ = {isa = PBXBuildFile; fileRef = 8C68EB961A38699200810D68 /* CustomTableViewCell.storyboard */; };
		8C68EB9A1A3869E100810D68 /* SBCustomCell.m in Sources */ = {isa = PBXBuildFile; fileRef = 8C68EB991A3869E100810D68 /* SBCustomCell.m */; };
		8C68EB9D1A387B4700810D68 /* StoryboardToViewController.storyboard in Resources */ = {isa = PBXBuildFile; fileRef = 8C68EB9C1A387B4700810D68 /* StoryboardToViewController.storyboard */; };
		8C68EBA01A387B8500810D68 /* SBStoryboardToVC.m in Sources */ = {isa = PBXBuildFile; fileRef = 8C68EB9F1A387B8500810D68 /* SBStoryboardToVC.m */; };
		8C68EBA31A387BB100810D68 /* SBSecondViewController.m in Sources */ = {isa = PBXBuildFile; fileRef = 8C68EBA21A387BB100810D68 /* SBSecondViewController.m */; };
		8C68EBA61A387BD200810D68 /* SBThirdViewController.m in Sources */ = {isa = PBXBuildFile; fileRef = 8C68EBA51A387BD200810D68 /* SBThirdViewController.m */; };
		8C68EBA81A38801900810D68 /* SBSecondViewController.xib in Resources */ = {isa = PBXBuildFile; fileRef = 8C68EBA71A38801900810D68 /* SBSecondViewController.xib */; };
		8C68EBBA1A38871A00810D68 /* FirstStoryboard.storyboard in Resources */ = {isa = PBXBuildFile; fileRef = 8C68EBB91A38871A00810D68 /* FirstStoryboard.storyboard */; };
		8C68EBBC1A38872600810D68 /* SecondStoryboard.storyboard in Resources */ = {isa = PBXBuildFile; fileRef = 8C68EBBB1A38872600810D68 /* SecondStoryboard.storyboard */; };
		8C68EBBF1A38875A00810D68 /* SBFirstStoryboardViewController.m in Sources */ = {isa = PBXBuildFile; fileRef = 8C68EBBE1A38875A00810D68 /* SBFirstStoryboardViewController.m */; };
		8C68EBC21A38878200810D68 /* SBSecondStoryboardViewController.m in Sources */ = {isa = PBXBuildFile; fileRef = 8C68EBC11A38878200810D68 /* SBSecondStoryboardViewController.m */; };
		8C68EBC61A388A9500810D68 /* SBActionOnStoryboardViewController.m in Sources */ = {isa = PBXBuildFile; fileRef = 8C68EBC51A388A9500810D68 /* SBActionOnStoryboardViewController.m */; };
		8C68EBC81A388AA400810D68 /* ActionOnStoryboard.storyboard in Resources */ = {isa = PBXBuildFile; fileRef = 8C68EBC71A388AA400810D68 /* ActionOnStoryboard.storyboard */; };
/* End PBXBuildFile section */

/* Begin PBXContainerItemProxy section */
		8C02AC5F1A375ACE00ADDE59 /* PBXContainerItemProxy */ = {
			isa = PBXContainerItemProxy;
			containerPortal = 8C02AC3D1A375ACD00ADDE59 /* Project object */;
			proxyType = 1;
			remoteGlobalIDString = 8C02AC441A375ACD00ADDE59;
			remoteInfo = Storyboards_Example;
		};
/* End PBXContainerItemProxy section */

/* Begin PBXFileReference section */
		8C02AC451A375ACD00ADDE59 /* Storyboards_Example.app */ = {isa = PBXFileReference; explicitFileType = wrapper.application; includeInIndex = 0; path = Storyboards_Example.app; sourceTree = BUILT_PRODUCTS_DIR; };
		8C02AC491A375ACD00ADDE59 /* Info.plist */ = {isa = PBXFileReference; lastKnownFileType = text.plist.xml; path = Info.plist; sourceTree = "<group>"; };
		8C02AC4A1A375ACD00ADDE59 /* main.m */ = {isa = PBXFileReference; lastKnownFileType = sourcecode.c.objc; path = main.m; sourceTree = "<group>"; };
		8C02AC551A375ACD00ADDE59 /* Images.xcassets */ = {isa = PBXFileReference; lastKnownFileType = folder.assetcatalog; path = Images.xcassets; sourceTree = "<group>"; };
		8C02AC581A375ACD00ADDE59 /* Base */ = {isa = PBXFileReference; lastKnownFileType = file.xib; name = Base; path = Base.lproj/LaunchScreen.xib; sourceTree = "<group>"; };
		8C02AC5E1A375ACE00ADDE59 /* Storyboards_ExampleTests.xctest */ = {isa = PBXFileReference; explicitFileType = wrapper.cfbundle; includeInIndex = 0; path = Storyboards_ExampleTests.xctest; sourceTree = BUILT_PRODUCTS_DIR; };
		8C02AC631A375ACE00ADDE59 /* Info.plist */ = {isa = PBXFileReference; lastKnownFileType = text.plist.xml; path = Info.plist; sourceTree = "<group>"; };
		8C02AC641A375ACE00ADDE59 /* Storyboards_ExampleTests.m */ = {isa = PBXFileReference; lastKnownFileType = sourcecode.c.objc; path = Storyboards_ExampleTests.m; sourceTree = "<group>"; };
		8C02AC6F1A375C4900ADDE59 /* AppDelegate.h */ = {isa = PBXFileReference; fileEncoding = 4; lastKnownFileType = sourcecode.c.h; path = AppDelegate.h; sourceTree = "<group>"; };
		8C02AC701A375C4900ADDE59 /* AppDelegate.m */ = {isa = PBXFileReference; fileEncoding = 4; lastKnownFileType = sourcecode.c.objc; path = AppDelegate.m; sourceTree = "<group>"; };
		8C02AC721A375C4900ADDE59 /* SBViewController.h */ = {isa = PBXFileReference; fileEncoding = 4; lastKnownFileType = sourcecode.c.h; path = SBViewController.h; sourceTree = "<group>"; };
		8C02AC731A375C4900ADDE59 /* SBViewController.m */ = {isa = PBXFileReference; fileEncoding = 4; lastKnownFileType = sourcecode.c.objc; path = SBViewController.m; sourceTree = "<group>"; };
		8C02AC771A375C7E00ADDE59 /* SBViewController.xib */ = {isa = PBXFileReference; fileEncoding = 4; lastKnownFileType = file.xib; path = SBViewController.xib; sourceTree = "<group>"; };
		8C02AC891A375E6600ADDE59 /* SBConstants.h */ = {isa = PBXFileReference; fileEncoding = 4; lastKnownFileType = sourcecode.c.h; path = SBConstants.h; sourceTree = "<group>"; };
		8C02AC8A1A375E6600ADDE59 /* SBConstants.m */ = {isa = PBXFileReference; fileEncoding = 4; lastKnownFileType = sourcecode.c.objc; path = SBConstants.m; sourceTree = "<group>"; };
		8C02AC8C1A376CAD00ADDE59 /* PassingData.storyboard */ = {isa = PBXFileReference; fileEncoding = 4; lastKnownFileType = file.storyboard; path = PassingData.storyboard; sourceTree = "<group>"; };
		8C02AC8E1A376D1F00ADDE59 /* SBPassingDataViewController.h */ = {isa = PBXFileReference; fileEncoding = 4; lastKnownFileType = sourcecode.c.h; path = SBPassingDataViewController.h; sourceTree = "<group>"; };
		8C02AC8F1A376D1F00ADDE59 /* SBPassingDataViewController.m */ = {isa = PBXFileReference; fileEncoding = 4; lastKnownFileType = sourcecode.c.objc; path = SBPassingDataViewController.m; sourceTree = "<group>"; };
		8C02AC911A37713000ADDE59 /* SBPassingDataToSecondViewController.h */ = {isa = PBXFileReference; fileEncoding = 4; lastKnownFileType = sourcecode.c.h; path = SBPassingDataToSecondViewController.h; sourceTree = "<group>"; };
		8C02AC921A37713000ADDE59 /* SBPassingDataToSecondViewController.m */ = {isa = PBXFileReference; fileEncoding = 4; lastKnownFileType = sourcecode.c.objc; path = SBPassingDataToSecondViewController.m; sourceTree = "<group>"; };
		8C68EB8A1A38642200810D68 /* PushFromTableView.storyboard */ = {isa = PBXFileReference; fileEncoding = 4; lastKnownFileType = file.storyboard; path = PushFromTableView.storyboard; sourceTree = "<group>"; };
		8C68EB8C1A38648C00810D68 /* SBPushFromTableView.h */ = {isa = PBXFileReference; fileEncoding = 4; lastKnownFileType = sourcecode.c.h; path = SBPushFromTableView.h; sourceTree = "<group>"; };
		8C68EB8D1A38648C00810D68 /* SBPushFromTableView.m */ = {isa = PBXFileReference; fileEncoding = 4; lastKnownFileType = sourcecode.c.objc; path = SBPushFromTableView.m; sourceTree = "<group>"; };
		8C68EB8F1A3864CB00810D68 /* SBPushFromTableViewSecondVC.h */ = {isa = PBXFileReference; fileEncoding = 4; lastKnownFileType = sourcecode.c.h; path = SBPushFromTableViewSecondVC.h; sourceTree = "<group>"; };
		8C68EB901A3864CB00810D68 /* SBPushFromTableViewSecondVC.m */ = {isa = PBXFileReference; fileEncoding = 4; lastKnownFileType = sourcecode.c.objc; path = SBPushFromTableViewSecondVC.m; sourceTree = "<group>"; };
		8C68EB931A38697600810D68 /* SBCustomTableViewCellVC.h */ = {isa = PBXFileReference; fileEncoding = 4; lastKnownFileType = sourcecode.c.h; path = SBCustomTableViewCellVC.h; sourceTree = "<group>"; };
		8C68EB941A38697600810D68 /* SBCustomTableViewCellVC.m */ = {isa = PBXFileReference; fileEncoding = 4; lastKnownFileType = sourcecode.c.objc; path = SBCustomTableViewCellVC.m; sourceTree = "<group>"; };
		8C68EB961A38699200810D68 /* CustomTableViewCell.storyboard */ = {isa = PBXFileReference; fileEncoding = 4; lastKnownFileType = file.storyboard; path = CustomTableViewCell.storyboard; sourceTree = "<group>"; };
		8C68EB981A3869E100810D68 /* SBCustomCell.h */ = {isa = PBXFileReference; fileEncoding = 4; lastKnownFileType = sourcecode.c.h; path = SBCustomCell.h; sourceTree = "<group>"; };
		8C68EB991A3869E100810D68 /* SBCustomCell.m */ = {isa = PBXFileReference; fileEncoding = 4; lastKnownFileType = sourcecode.c.objc; path = SBCustomCell.m; sourceTree = "<group>"; };
		8C68EB9C1A387B4700810D68 /* StoryboardToViewController.storyboard */ = {isa = PBXFileReference; fileEncoding = 4; lastKnownFileType = file.storyboard; path = StoryboardToViewController.storyboard; sourceTree = "<group>"; };
		8C68EB9E1A387B8500810D68 /* SBStoryboardToVC.h */ = {isa = PBXFileReference; fileEncoding = 4; lastKnownFileType = sourcecode.c.h; path = SBStoryboardToVC.h; sourceTree = "<group>"; };
		8C68EB9F1A387B8500810D68 /* SBStoryboardToVC.m */ = {isa = PBXFileReference; fileEncoding = 4; lastKnownFileType = sourcecode.c.objc; path = SBStoryboardToVC.m; sourceTree = "<group>"; };
		8C68EBA11A387BB100810D68 /* SBSecondViewController.h */ = {isa = PBXFileReference; fileEncoding = 4; lastKnownFileType = sourcecode.c.h; path = SBSecondViewController.h; sourceTree = "<group>"; };
		8C68EBA21A387BB100810D68 /* SBSecondViewController.m */ = {isa = PBXFileReference; fileEncoding = 4; lastKnownFileType = sourcecode.c.objc; path = SBSecondViewController.m; sourceTree = "<group>"; };
		8C68EBA41A387BD200810D68 /* SBThirdViewController.h */ = {isa = PBXFileReference; fileEncoding = 4; lastKnownFileType = sourcecode.c.h; path = SBThirdViewController.h; sourceTree = "<group>"; };
		8C68EBA51A387BD200810D68 /* SBThirdViewController.m */ = {isa = PBXFileReference; fileEncoding = 4; lastKnownFileType = sourcecode.c.objc; path = SBThirdViewController.m; sourceTree = "<group>"; };
		8C68EBA71A38801900810D68 /* SBSecondViewController.xib */ = {isa = PBXFileReference; fileEncoding = 4; lastKnownFileType = file.xib; path = SBSecondViewController.xib; sourceTree = "<group>"; };
		8C68EBB91A38871A00810D68 /* FirstStoryboard.storyboard */ = {isa = PBXFileReference; fileEncoding = 4; lastKnownFileType = file.storyboard; path = FirstStoryboard.storyboard; sourceTree = "<group>"; };
		8C68EBBB1A38872600810D68 /* SecondStoryboard.storyboard */ = {isa = PBXFileReference; fileEncoding = 4; lastKnownFileType = file.storyboard; path = SecondStoryboard.storyboard; sourceTree = "<group>"; };
		8C68EBBD1A38875A00810D68 /* SBFirstStoryboardViewController.h */ = {isa = PBXFileReference; fileEncoding = 4; lastKnownFileType = sourcecode.c.h; path = SBFirstStoryboardViewController.h; sourceTree = "<group>"; };
		8C68EBBE1A38875A00810D68 /* SBFirstStoryboardViewController.m */ = {isa = PBXFileReference; fileEncoding = 4; lastKnownFileType = sourcecode.c.objc; path = SBFirstStoryboardViewController.m; sourceTree = "<group>"; };
		8C68EBC01A38878200810D68 /* SBSecondStoryboardViewController.h */ = {isa = PBXFileReference; fileEncoding = 4; lastKnownFileType = sourcecode.c.h; path = SBSecondStoryboardViewController.h; sourceTree = "<group>"; };
		8C68EBC11A38878200810D68 /* SBSecondStoryboardViewController.m */ = {isa = PBXFileReference; fileEncoding = 4; lastKnownFileType = sourcecode.c.objc; path = SBSecondStoryboardViewController.m; sourceTree = "<group>"; };
		8C68EBC41A388A9500810D68 /* SBActionOnStoryboardViewController.h */ = {isa = PBXFileReference; fileEncoding = 4; lastKnownFileType = sourcecode.c.h; path = SBActionOnStoryboardViewController.h; sourceTree = "<group>"; };
		8C68EBC51A388A9500810D68 /* SBActionOnStoryboardViewController.m */ = {isa = PBXFileReference; fileEncoding = 4; lastKnownFileType = sourcecode.c.objc; path = SBActionOnStoryboardViewController.m; sourceTree = "<group>"; };
		8C68EBC71A388AA400810D68 /* ActionOnStoryboard.storyboard */ = {isa = PBXFileReference; fileEncoding = 4; lastKnownFileType = file.storyboard; path = ActionOnStoryboard.storyboard; sourceTree = "<group>"; };
/* End PBXFileReference section */

/* Begin PBXFrameworksBuildPhase section */
		8C02AC421A375ACD00ADDE59 /* Frameworks */ = {
			isa = PBXFrameworksBuildPhase;
			buildActionMask = 2147483647;
			files = (
			);
			runOnlyForDeploymentPostprocessing = 0;
		};
		8C02AC5B1A375ACE00ADDE59 /* Frameworks */ = {
			isa = PBXFrameworksBuildPhase;
			buildActionMask = 2147483647;
			files = (
			);
			runOnlyForDeploymentPostprocessing = 0;
		};
/* End PBXFrameworksBuildPhase section */

/* Begin PBXGroup section */
		8C02AC3C1A375ACD00ADDE59 = {
			isa = PBXGroup;
			children = (
				8C02AC471A375ACD00ADDE59 /* Storyboards_Example */,
				8C02AC611A375ACE00ADDE59 /* Storyboards_ExampleTests */,
				8C02AC461A375ACD00ADDE59 /* Products */,
			);
			sourceTree = "<group>";
		};
		8C02AC461A375ACD00ADDE59 /* Products */ = {
			isa = PBXGroup;
			children = (
				8C02AC451A375ACD00ADDE59 /* Storyboards_Example.app */,
				8C02AC5E1A375ACE00ADDE59 /* Storyboards_ExampleTests.xctest */,
			);
			name = Products;
			sourceTree = "<group>";
		};
		8C02AC471A375ACD00ADDE59 /* Storyboards_Example */ = {
			isa = PBXGroup;
			children = (
				8C02AC6E1A375C4900ADDE59 /* AppDelegate */,
				8C02AC711A375C4900ADDE59 /* Initial Launch View Controller */,
				8C02AC761A375C6B00ADDE59 /* Passing Data */,
				8C02AC791A375CD800ADDE59 /* Constants */,
				8C68EB891A38641100810D68 /* Push From TableView */,
				8C68EB921A38694100810D68 /* Custom TableView Cell */,
				8C68EB9B1A387B3400810D68 /* Storyboard to VC */,
				8C68EBC31A388A7500810D68 /* Action on Storyboard */,
				8C68EBB81A38870700810D68 /* Storyboard to Storyboard */,
				8C02AC551A375ACD00ADDE59 /* Images.xcassets */,
				8C02AC571A375ACD00ADDE59 /* LaunchScreen.xib */,
				8C02AC481A375ACD00ADDE59 /* Supporting Files */,
			);
			path = Storyboards_Example;
			sourceTree = "<group>";
		};
		8C02AC481A375ACD00ADDE59 /* Supporting Files */ = {
			isa = PBXGroup;
			children = (
				8C02AC491A375ACD00ADDE59 /* Info.plist */,
				8C02AC4A1A375ACD00ADDE59 /* main.m */,
			);
			name = "Supporting Files";
			sourceTree = "<group>";
		};
		8C02AC611A375ACE00ADDE59 /* Storyboards_ExampleTests */ = {
			isa = PBXGroup;
			children = (
				8C02AC641A375ACE00ADDE59 /* Storyboards_ExampleTests.m */,
				8C02AC621A375ACE00ADDE59 /* Supporting Files */,
			);
			path = Storyboards_ExampleTests;
			sourceTree = "<group>";
		};
		8C02AC621A375ACE00ADDE59 /* Supporting Files */ = {
			isa = PBXGroup;
			children = (
				8C02AC631A375ACE00ADDE59 /* Info.plist */,
			);
			name = "Supporting Files";
			sourceTree = "<group>";
		};
		8C02AC6E1A375C4900ADDE59 /* AppDelegate */ = {
			isa = PBXGroup;
			children = (
				8C02AC6F1A375C4900ADDE59 /* AppDelegate.h */,
				8C02AC701A375C4900ADDE59 /* AppDelegate.m */,
			);
			path = AppDelegate;
			sourceTree = "<group>";
		};
		8C02AC711A375C4900ADDE59 /* Initial Launch View Controller */ = {
			isa = PBXGroup;
			children = (
				8C02AC721A375C4900ADDE59 /* SBViewController.h */,
				8C02AC731A375C4900ADDE59 /* SBViewController.m */,
				8C02AC771A375C7E00ADDE59 /* SBViewController.xib */,
			);
			path = "Initial Launch View Controller";
			sourceTree = "<group>";
		};
		8C02AC761A375C6B00ADDE59 /* Passing Data */ = {
			isa = PBXGroup;
			children = (
				8C02AC8C1A376CAD00ADDE59 /* PassingData.storyboard */,
				8C02AC911A37713000ADDE59 /* SBPassingDataToSecondViewController.h */,
				8C02AC921A37713000ADDE59 /* SBPassingDataToSecondViewController.m */,
				8C02AC8E1A376D1F00ADDE59 /* SBPassingDataViewController.h */,
				8C02AC8F1A376D1F00ADDE59 /* SBPassingDataViewController.m */,
			);
			path = "Passing Data";
			sourceTree = "<group>";
		};
		8C02AC791A375CD800ADDE59 /* Constants */ = {
			isa = PBXGroup;
			children = (
				8C02AC891A375E6600ADDE59 /* SBConstants.h */,
				8C02AC8A1A375E6600ADDE59 /* SBConstants.m */,
			);
			path = Constants;
			sourceTree = "<group>";
		};
		8C68EB891A38641100810D68 /* Push From TableView */ = {
			isa = PBXGroup;
			children = (
				8C68EB8A1A38642200810D68 /* PushFromTableView.storyboard */,
				8C68EB8C1A38648C00810D68 /* SBPushFromTableView.h */,
				8C68EB8D1A38648C00810D68 /* SBPushFromTableView.m */,
				8C68EB8F1A3864CB00810D68 /* SBPushFromTableViewSecondVC.h */,
				8C68EB901A3864CB00810D68 /* SBPushFromTableViewSecondVC.m */,
			);
			path = "Push From TableView";
			sourceTree = "<group>";
		};
		8C68EB921A38694100810D68 /* Custom TableView Cell */ = {
			isa = PBXGroup;
			children = (
				8C68EB961A38699200810D68 /* CustomTableViewCell.storyboard */,
				8C68EB931A38697600810D68 /* SBCustomTableViewCellVC.h */,
				8C68EB941A38697600810D68 /* SBCustomTableViewCellVC.m */,
				8C68EB981A3869E100810D68 /* SBCustomCell.h */,
				8C68EB991A3869E100810D68 /* SBCustomCell.m */,
			);
			path = "Custom TableView Cell";
			sourceTree = "<group>";
		};
		8C68EB9B1A387B3400810D68 /* Storyboard to VC */ = {
			isa = PBXGroup;
			children = (
				8C68EB9C1A387B4700810D68 /* StoryboardToViewController.storyboard */,
				8C68EB9E1A387B8500810D68 /* SBStoryboardToVC.h */,
				8C68EB9F1A387B8500810D68 /* SBStoryboardToVC.m */,
				8C68EBA11A387BB100810D68 /* SBSecondViewController.h */,
				8C68EBA21A387BB100810D68 /* SBSecondViewController.m */,
				8C68EBA71A38801900810D68 /* SBSecondViewController.xib */,
				8C68EBA41A387BD200810D68 /* SBThirdViewController.h */,
				8C68EBA51A387BD200810D68 /* SBThirdViewController.m */,
			);
			path = "Storyboard to VC";
			sourceTree = "<group>";
		};
		8C68EBB81A38870700810D68 /* Storyboard to Storyboard */ = {
			isa = PBXGroup;
			children = (
				8C68EBB91A38871A00810D68 /* FirstStoryboard.storyboard */,
				8C68EBBD1A38875A00810D68 /* SBFirstStoryboardViewController.h */,
				8C68EBBE1A38875A00810D68 /* SBFirstStoryboardViewController.m */,
				8C68EBBB1A38872600810D68 /* SecondStoryboard.storyboard */,
				8C68EBC01A38878200810D68 /* SBSecondStoryboardViewController.h */,
				8C68EBC11A38878200810D68 /* SBSecondStoryboardViewController.m */,
			);
			path = "Storyboard to Storyboard";
			sourceTree = "<group>";
		};
		8C68EBC31A388A7500810D68 /* Action on Storyboard */ = {
			isa = PBXGroup;
			children = (
				8C68EBC71A388AA400810D68 /* ActionOnStoryboard.storyboard */,
				8C68EBC41A388A9500810D68 /* SBActionOnStoryboardViewController.h */,
				8C68EBC51A388A9500810D68 /* SBActionOnStoryboardViewController.m */,
			);
			path = "Action on Storyboard";
			sourceTree = "<group>";
		};
/* End PBXGroup section */

/* Begin PBXNativeTarget section */
		8C02AC441A375ACD00ADDE59 /* Storyboards_Example */ = {
			isa = PBXNativeTarget;
			buildConfigurationList = 8C02AC681A375ACE00ADDE59 /* Build configuration list for PBXNativeTarget "Storyboards_Example" */;
			buildPhases = (
				8C02AC411A375ACD00ADDE59 /* Sources */,
				8C02AC421A375ACD00ADDE59 /* Frameworks */,
				8C02AC431A375ACD00ADDE59 /* Resources */,
			);
			buildRules = (
			);
			dependencies = (
			);
			name = Storyboards_Example;
			productName = Storyboards_Example;
			productReference = 8C02AC451A375ACD00ADDE59 /* Storyboards_Example.app */;
			productType = "com.apple.product-type.application";
		};
		8C02AC5D1A375ACE00ADDE59 /* Storyboards_ExampleTests */ = {
			isa = PBXNativeTarget;
			buildConfigurationList = 8C02AC6B1A375ACE00ADDE59 /* Build configuration list for PBXNativeTarget "Storyboards_ExampleTests" */;
			buildPhases = (
				8C02AC5A1A375ACE00ADDE59 /* Sources */,
				8C02AC5B1A375ACE00ADDE59 /* Frameworks */,
				8C02AC5C1A375ACE00ADDE59 /* Resources */,
			);
			buildRules = (
			);
			dependencies = (
				8C02AC601A375ACE00ADDE59 /* PBXTargetDependency */,
			);
			name = Storyboards_ExampleTests;
			productName = Storyboards_ExampleTests;
			productReference = 8C02AC5E1A375ACE00ADDE59 /* Storyboards_ExampleTests.xctest */;
			productType = "com.apple.product-type.bundle.unit-test";
		};
/* End PBXNativeTarget section */

/* Begin PBXProject section */
		8C02AC3D1A375ACD00ADDE59 /* Project object */ = {
			isa = PBXProject;
			attributes = {
				LastUpgradeCheck = 0610;
				ORGANIZATIONNAME = footyapps27;
				TargetAttributes = {
					8C02AC441A375ACD00ADDE59 = {
						CreatedOnToolsVersion = 6.1.1;
					};
					8C02AC5D1A375ACE00ADDE59 = {
						CreatedOnToolsVersion = 6.1.1;
						TestTargetID = 8C02AC441A375ACD00ADDE59;
					};
				};
			};
			buildConfigurationList = 8C02AC401A375ACD00ADDE59 /* Build configuration list for PBXProject "Storyboards_Example" */;
			compatibilityVersion = "Xcode 3.2";
			developmentRegion = English;
			hasScannedForEncodings = 0;
			knownRegions = (
				en,
				Base,
			);
			mainGroup = 8C02AC3C1A375ACD00ADDE59;
			productRefGroup = 8C02AC461A375ACD00ADDE59 /* Products */;
			projectDirPath = "";
			projectRoot = "";
			targets = (
				8C02AC441A375ACD00ADDE59 /* Storyboards_Example */,
				8C02AC5D1A375ACE00ADDE59 /* Storyboards_ExampleTests */,
			);
		};
/* End PBXProject section */

/* Begin PBXResourcesBuildPhase section */
		8C02AC431A375ACD00ADDE59 /* Resources */ = {
			isa = PBXResourcesBuildPhase;
			buildActionMask = 2147483647;
			files = (
				8C02AC8D1A376CAD00ADDE59 /* PassingData.storyboard in Resources */,
				8C02AC591A375ACD00ADDE59 /* LaunchScreen.xib in Resources */,
				8C68EB8B1A38642200810D68 /* PushFromTableView.storyboard in Resources */,
				8C68EBC81A388AA400810D68 /* ActionOnStoryboard.storyboard in Resources */,
				8C68EBA81A38801900810D68 /* SBSecondViewController.xib in Resources */,
				8C68EB971A38699200810D68 /* CustomTableViewCell.storyboard in Resources */,
				8C02AC781A375C7E00ADDE59 /* SBViewController.xib in Resources */,
				8C68EBBA1A38871A00810D68 /* FirstStoryboard.storyboard in Resources */,
				8C68EBBC1A38872600810D68 /* SecondStoryboard.storyboard in Resources */,
				8C68EB9D1A387B4700810D68 /* StoryboardToViewController.storyboard in Resources */,
				8C02AC561A375ACD00ADDE59 /* Images.xcassets in Resources */,
			);
			runOnlyForDeploymentPostprocessing = 0;
		};
		8C02AC5C1A375ACE00ADDE59 /* Resources */ = {
			isa = PBXResourcesBuildPhase;
			buildActionMask = 2147483647;
			files = (
			);
			runOnlyForDeploymentPostprocessing = 0;
		};
/* End PBXResourcesBuildPhase section */

/* Begin PBXSourcesBuildPhase section */
		8C02AC411A375ACD00ADDE59 /* Sources */ = {
			isa = PBXSourcesBuildPhase;
			buildActionMask = 2147483647;
			files = (
				8C02AC931A37713000ADDE59 /* SBPassingDataToSecondViewController.m in Sources */,
				8C68EB911A3864CB00810D68 /* SBPushFromTableViewSecondVC.m in Sources */,
				8C68EB8E1A38648C00810D68 /* SBPushFromTableView.m in Sources */,
				8C02AC751A375C4900ADDE59 /* SBViewController.m in Sources */,
				8C68EBBF1A38875A00810D68 /* SBFirstStoryboardViewController.m in Sources */,
				8C02AC901A376D1F00ADDE59 /* SBPassingDataViewController.m in Sources */,
				8C68EB9A1A3869E100810D68 /* SBCustomCell.m in Sources */,
				8C68EBC61A388A9500810D68 /* SBActionOnStoryboardViewController.m in Sources */,
				8C02AC741A375C4900ADDE59 /* AppDelegate.m in Sources */,
				8C68EBA01A387B8500810D68 /* SBStoryboardToVC.m in Sources */,
				8C68EBA61A387BD200810D68 /* SBThirdViewController.m in Sources */,
				8C68EB951A38697600810D68 /* SBCustomTableViewCellVC.m in Sources */,
				8C68EBC21A38878200810D68 /* SBSecondStoryboardViewController.m in Sources */,
				8C02AC4B1A375ACD00ADDE59 /* main.m in Sources */,
				8C02AC8B1A375E6600ADDE59 /* SBConstants.m in Sources */,
				8C68EBA31A387BB100810D68 /* SBSecondViewController.m in Sources */,
			);
			runOnlyForDeploymentPostprocessing = 0;
		};
		8C02AC5A1A375ACE00ADDE59 /* Sources */ = {
			isa = PBXSourcesBuildPhase;
			buildActionMask = 2147483647;
			files = (
				8C02AC651A375ACE00ADDE59 /* Storyboards_ExampleTests.m in Sources */,
			);
			runOnlyForDeploymentPostprocessing = 0;
		};
/* End PBXSourcesBuildPhase section */

/* Begin PBXTargetDependency section */
		8C02AC601A375ACE00ADDE59 /* PBXTargetDependency */ = {
			isa = PBXTargetDependency;
			target = 8C02AC441A375ACD00ADDE59 /* Storyboards_Example */;
			targetProxy = 8C02AC5F1A375ACE00ADDE59 /* PBXContainerItemProxy */;
		};
/* End PBXTargetDependency section */

/* Begin PBXVariantGroup section */
		8C02AC571A375ACD00ADDE59 /* LaunchScreen.xib */ = {
			isa = PBXVariantGroup;
			children = (
				8C02AC581A375ACD00ADDE59 /* Base */,
			);
			name = LaunchScreen.xib;
			sourceTree = "<group>";
		};
/* End PBXVariantGroup section */

/* Begin XCBuildConfiguration section */
		8C02AC661A375ACE00ADDE59 /* Debug */ = {
			isa = XCBuildConfiguration;
			buildSettings = {
				ALWAYS_SEARCH_USER_PATHS = NO;
				CLANG_CXX_LANGUAGE_STANDARD = "gnu++0x";
				CLANG_CXX_LIBRARY = "libc++";
				CLANG_ENABLE_MODULES = YES;
				CLANG_ENABLE_OBJC_ARC = YES;
				CLANG_WARN_BOOL_CONVERSION = YES;
				CLANG_WARN_CONSTANT_CONVERSION = YES;
				CLANG_WARN_DIRECT_OBJC_ISA_USAGE = YES_ERROR;
				CLANG_WARN_EMPTY_BODY = YES;
				CLANG_WARN_ENUM_CONVERSION = YES;
				CLANG_WARN_INT_CONVERSION = YES;
				CLANG_WARN_OBJC_ROOT_CLASS = YES_ERROR;
				CLANG_WARN_UNREACHABLE_CODE = YES;
				CLANG_WARN__DUPLICATE_METHOD_MATCH = YES;
				"CODE_SIGN_IDENTITY[sdk=iphoneos*]" = "iPhone Developer";
				COPY_PHASE_STRIP = NO;
				ENABLE_STRICT_OBJC_MSGSEND = YES;
				GCC_C_LANGUAGE_STANDARD = gnu99;
				GCC_DYNAMIC_NO_PIC = NO;
				GCC_OPTIMIZATION_LEVEL = 0;
				GCC_PREPROCESSOR_DEFINITIONS = (
					"DEBUG=1",
					"$(inherited)",
				);
				GCC_SYMBOLS_PRIVATE_EXTERN = NO;
				GCC_WARN_64_TO_32_BIT_CONVERSION = YES;
				GCC_WARN_ABOUT_RETURN_TYPE = YES_ERROR;
				GCC_WARN_UNDECLARED_SELECTOR = YES;
				GCC_WARN_UNINITIALIZED_AUTOS = YES_AGGRESSIVE;
				GCC_WARN_UNUSED_FUNCTION = YES;
				GCC_WARN_UNUSED_VARIABLE = YES;
				IPHONEOS_DEPLOYMENT_TARGET = 8.1;
				MTL_ENABLE_DEBUG_INFO = YES;
				ONLY_ACTIVE_ARCH = YES;
				SDKROOT = iphoneos;
			};
			name = Debug;
		};
		8C02AC671A375ACE00ADDE59 /* Release */ = {
			isa = XCBuildConfiguration;
			buildSettings = {
				ALWAYS_SEARCH_USER_PATHS = NO;
				CLANG_CXX_LANGUAGE_STANDARD = "gnu++0x";
				CLANG_CXX_LIBRARY = "libc++";
				CLANG_ENABLE_MODULES = YES;
				CLANG_ENABLE_OBJC_ARC = YES;
				CLANG_WARN_BOOL_CONVERSION = YES;
				CLANG_WARN_CONSTANT_CONVERSION = YES;
				CLANG_WARN_DIRECT_OBJC_ISA_USAGE = YES_ERROR;
				CLANG_WARN_EMPTY_BODY = YES;
				CLANG_WARN_ENUM_CONVERSION = YES;
				CLANG_WARN_INT_CONVERSION = YES;
				CLANG_WARN_OBJC_ROOT_CLASS = YES_ERROR;
				CLANG_WARN_UNREACHABLE_CODE = YES;
				CLANG_WARN__DUPLICATE_METHOD_MATCH = YES;
				"CODE_SIGN_IDENTITY[sdk=iphoneos*]" = "iPhone Developer";
				COPY_PHASE_STRIP = YES;
				ENABLE_NS_ASSERTIONS = NO;
				ENABLE_STRICT_OBJC_MSGSEND = YES;
				GCC_C_LANGUAGE_STANDARD = gnu99;
				GCC_WARN_64_TO_32_BIT_CONVERSION = YES;
				GCC_WARN_ABOUT_RETURN_TYPE = YES_ERROR;
				GCC_WARN_UNDECLARED_SELECTOR = YES;
				GCC_WARN_UNINITIALIZED_AUTOS = YES_AGGRESSIVE;
				GCC_WARN_UNUSED_FUNCTION = YES;
				GCC_WARN_UNUSED_VARIABLE = YES;
				IPHONEOS_DEPLOYMENT_TARGET = 8.1;
				MTL_ENABLE_DEBUG_INFO = NO;
				SDKROOT = iphoneos;
				VALIDATE_PRODUCT = YES;
			};
			name = Release;
		};
		8C02AC691A375ACE00ADDE59 /* Debug */ = {
			isa = XCBuildConfiguration;
			buildSettings = {
				ASSETCATALOG_COMPILER_APPICON_NAME = AppIcon;
				INFOPLIST_FILE = Storyboards_Example/Info.plist;
				LD_RUNPATH_SEARCH_PATHS = "$(inherited) @executable_path/Frameworks";
				PRODUCT_NAME = "$(TARGET_NAME)";
			};
			name = Debug;
		};
		8C02AC6A1A375ACE00ADDE59 /* Release */ = {
			isa = XCBuildConfiguration;
			buildSettings = {
				ASSETCATALOG_COMPILER_APPICON_NAME = AppIcon;
				INFOPLIST_FILE = Storyboards_Example/Info.plist;
				LD_RUNPATH_SEARCH_PATHS = "$(inherited) @executable_path/Frameworks";
				PRODUCT_NAME = "$(TARGET_NAME)";
			};
			name = Release;
		};
		8C02AC6C1A375ACE00ADDE59 /* Debug */ = {
			isa = XCBuildConfiguration;
			buildSettings = {
				BUNDLE_LOADER = "$(TEST_HOST)";
				FRAMEWORK_SEARCH_PATHS = (
					"$(SDKROOT)/Developer/Library/Frameworks",
					"$(inherited)",
				);
				GCC_PREPROCESSOR_DEFINITIONS = (
					"DEBUG=1",
					"$(inherited)",
				);
				INFOPLIST_FILE = Storyboards_ExampleTests/Info.plist;
				LD_RUNPATH_SEARCH_PATHS = "$(inherited) @executable_path/Frameworks @loader_path/Frameworks";
				PRODUCT_NAME = "$(TARGET_NAME)";
				TEST_HOST = "$(BUILT_PRODUCTS_DIR)/Storyboards_Example.app/Storyboards_Example";
			};
			name = Debug;
		};
		8C02AC6D1A375ACE00ADDE59 /* Release */ = {
			isa = XCBuildConfiguration;
			buildSettings = {
				BUNDLE_LOADER = "$(TEST_HOST)";
				FRAMEWORK_SEARCH_PATHS = (
					"$(SDKROOT)/Developer/Library/Frameworks",
					"$(inherited)",
				);
				INFOPLIST_FILE = Storyboards_ExampleTests/Info.plist;
				LD_RUNPATH_SEARCH_PATHS = "$(inherited) @executable_path/Frameworks @loader_path/Frameworks";
				PRODUCT_NAME = "$(TARGET_NAME)";
				TEST_HOST = "$(BUILT_PRODUCTS_DIR)/Storyboards_Example.app/Storyboards_Example";
			};
			name = Release;
		};
/* End XCBuildConfiguration section */

/* Begin XCConfigurationList section */
		8C02AC401A375ACD00ADDE59 /* Build configuration list for PBXProject "Storyboards_Example" */ = {
			isa = XCConfigurationList;
			buildConfigurations = (
				8C02AC661A375ACE00ADDE59 /* Debug */,
				8C02AC671A375ACE00ADDE59 /* Release */,
			);
			defaultConfigurationIsVisible = 0;
			defaultConfigurationName = Release;
		};
		8C02AC681A375ACE00ADDE59 /* Build configuration list for PBXNativeTarget "Storyboards_Example" */ = {
			isa = XCConfigurationList;
			buildConfigurations = (
				8C02AC691A375ACE00ADDE59 /* Debug */,
				8C02AC6A1A375ACE00ADDE59 /* Release */,
			);
			defaultConfigurationIsVisible = 0;
			defaultConfigurationName = Release;
		};
		8C02AC6B1A375ACE00ADDE59 /* Build configuration list for PBXNativeTarget "Storyboards_ExampleTests" */ = {
			isa = XCConfigurationList;
			buildConfigurations = (
				8C02AC6C1A375ACE00ADDE59 /* Debug */,
				8C02AC6D1A375ACE00ADDE59 /* Release */,
			);
			defaultConfigurationIsVisible = 0;
			defaultConfigurationName = Release;
		};
/* End XCConfigurationList section */
	};
	rootObject = 8C02AC3D1A375ACD00ADDE59 /* Project object */;
}
