// !$*UTF8*$!
{
	archiveVersion = 1;
	classes = {
	};
	objectVersion = 46;
	objects = {

/* Begin PBXBuildFile section */
		8C58AEDC1A4893F30016A52A /* Images.xcassets in Resources */ = {isa = PBXBuildFile; fileRef = 8C58AEDB1A4893F30016A52A /* Images.xcassets */; };
		8C58AEDF1A4893F30016A52A /* LaunchScreen.xib in Resources */ = {isa = PBXBuildFile; fileRef = 8C58AEDD1A4893F30016A52A /* LaunchScreen.xib */; };
		8C58AEEB1A4893F30016A52A /* Storyboard_Example_SwiftTests.swift in Sources */ = {isa = PBXBuildFile; fileRef = 8C58AEEA1A4893F30016A52A /* Storyboard_Example_SwiftTests.swift */; };
		8C58AEFB1A4894A90016A52A /* AppDelegate.swift in Sources */ = {isa = PBXBuildFile; fileRef = 8C58AEF61A4894A90016A52A /* AppDelegate.swift */; };
		8C58AEFC1A4894A90016A52A /* SBViewController.swift in Sources */ = {isa = PBXBuildFile; fileRef = 8C58AEF91A4894A90016A52A /* SBViewController.swift */; };
		8C58AEFE1A48983C0016A52A /* SBViewController.xib in Resources */ = {isa = PBXBuildFile; fileRef = 8C58AEFD1A48983C0016A52A /* SBViewController.xib */; };
/* End PBXBuildFile section */

/* Begin PBXContainerItemProxy section */
		8C58AEE51A4893F30016A52A /* PBXContainerItemProxy */ = {
			isa = PBXContainerItemProxy;
			containerPortal = 8C58AEC71A4893F30016A52A /* Project object */;
			proxyType = 1;
			remoteGlobalIDString = 8C58AECE1A4893F30016A52A;
			remoteInfo = Storyboard_Example_Swift;
		};
/* End PBXContainerItemProxy section */

/* Begin PBXFileReference section */
		8C58AECF1A4893F30016A52A /* Storyboard_Example_Swift.app */ = {isa = PBXFileReference; explicitFileType = wrapper.application; includeInIndex = 0; path = Storyboard_Example_Swift.app; sourceTree = BUILT_PRODUCTS_DIR; };
		8C58AED31A4893F30016A52A /* Info.plist */ = {isa = PBXFileReference; lastKnownFileType = text.plist.xml; path = Info.plist; sourceTree = "<group>"; };
		8C58AEDB1A4893F30016A52A /* Images.xcassets */ = {isa = PBXFileReference; lastKnownFileType = folder.assetcatalog; path = Images.xcassets; sourceTree = "<group>"; };
		8C58AEDE1A4893F30016A52A /* Base */ = {isa = PBXFileReference; lastKnownFileType = file.xib; name = Base; path = Base.lproj/LaunchScreen.xib; sourceTree = "<group>"; };
		8C58AEE41A4893F30016A52A /* Storyboard_Example_SwiftTests.xctest */ = {isa = PBXFileReference; explicitFileType = wrapper.cfbundle; includeInIndex = 0; path = Storyboard_Example_SwiftTests.xctest; sourceTree = BUILT_PRODUCTS_DIR; };
		8C58AEE91A4893F30016A52A /* Info.plist */ = {isa = PBXFileReference; lastKnownFileType = text.plist.xml; path = Info.plist; sourceTree = "<group>"; };
		8C58AEEA1A4893F30016A52A /* Storyboard_Example_SwiftTests.swift */ = {isa = PBXFileReference; lastKnownFileType = sourcecode.swift; path = Storyboard_Example_SwiftTests.swift; sourceTree = "<group>"; };
		8C58AEF61A4894A90016A52A /* AppDelegate.swift */ = {isa = PBXFileReference; fileEncoding = 4; lastKnownFileType = sourcecode.swift; path = AppDelegate.swift; sourceTree = "<group>"; };
		8C58AEF91A4894A90016A52A /* SBViewController.swift */ = {isa = PBXFileReference; fileEncoding = 4; lastKnownFileType = sourcecode.swift; path = SBViewController.swift; sourceTree = "<group>"; };
		8C58AEFD1A48983C0016A52A /* SBViewController.xib */ = {isa = PBXFileReference; fileEncoding = 4; lastKnownFileType = file.xib; path = SBViewController.xib; sourceTree = "<group>"; };
/* End PBXFileReference section */

/* Begin PBXFrameworksBuildPhase section */
		8C58AECC1A4893F30016A52A /* Frameworks */ = {
			isa = PBXFrameworksBuildPhase;
			buildActionMask = 2147483647;
			files = (
			);
			runOnlyForDeploymentPostprocessing = 0;
		};
		8C58AEE11A4893F30016A52A /* Frameworks */ = {
			isa = PBXFrameworksBuildPhase;
			buildActionMask = 2147483647;
			files = (
			);
			runOnlyForDeploymentPostprocessing = 0;
		};
/* End PBXFrameworksBuildPhase section */

/* Begin PBXGroup section */
		8C58AEC61A4893F30016A52A = {
			isa = PBXGroup;
			children = (
				8C58AED11A4893F30016A52A /* Storyboard_Example_Swift */,
				8C58AEE71A4893F30016A52A /* Storyboard_Example_SwiftTests */,
				8C58AED01A4893F30016A52A /* Products */,
			);
			sourceTree = "<group>";
		};
		8C58AED01A4893F30016A52A /* Products */ = {
			isa = PBXGroup;
			children = (
				8C58AECF1A4893F30016A52A /* Storyboard_Example_Swift.app */,
				8C58AEE41A4893F30016A52A /* Storyboard_Example_SwiftTests.xctest */,
			);
			name = Products;
			sourceTree = "<group>";
		};
		8C58AED11A4893F30016A52A /* Storyboard_Example_Swift */ = {
			isa = PBXGroup;
			children = (
				8C58AEF41A4894A90016A52A /* Action On Storyboard */,
				8C58AEF51A4894A90016A52A /* AppDelegate */,
				8C58AEF71A4894A90016A52A /* Constants */,
				8C58AEF81A4894A90016A52A /* Initial Launch View Controller */,
				8C58AEFA1A4894A90016A52A /* Passing Data */,
				8C58AEDB1A4893F30016A52A /* Images.xcassets */,
				8C58AEDD1A4893F30016A52A /* LaunchScreen.xib */,
				8C58AED21A4893F30016A52A /* Supporting Files */,
			);
			path = Storyboard_Example_Swift;
			sourceTree = "<group>";
		};
		8C58AED21A4893F30016A52A /* Supporting Files */ = {
			isa = PBXGroup;
			children = (
				8C58AED31A4893F30016A52A /* Info.plist */,
			);
			name = "Supporting Files";
			sourceTree = "<group>";
		};
		8C58AEE71A4893F30016A52A /* Storyboard_Example_SwiftTests */ = {
			isa = PBXGroup;
			children = (
				8C58AEEA1A4893F30016A52A /* Storyboard_Example_SwiftTests.swift */,
				8C58AEE81A4893F30016A52A /* Supporting Files */,
			);
			path = Storyboard_Example_SwiftTests;
			sourceTree = "<group>";
		};
		8C58AEE81A4893F30016A52A /* Supporting Files */ = {
			isa = PBXGroup;
			children = (
				8C58AEE91A4893F30016A52A /* Info.plist */,
			);
			name = "Supporting Files";
			sourceTree = "<group>";
		};
		8C58AEF41A4894A90016A52A /* Action On Storyboard */ = {
			isa = PBXGroup;
			children = (
			);
			path = "Action On Storyboard";
			sourceTree = "<group>";
		};
		8C58AEF51A4894A90016A52A /* AppDelegate */ = {
			isa = PBXGroup;
			children = (
				8C58AEF61A4894A90016A52A /* AppDelegate.swift */,
			);
			path = AppDelegate;
			sourceTree = "<group>";
		};
		8C58AEF71A4894A90016A52A /* Constants */ = {
			isa = PBXGroup;
			children = (
			);
			path = Constants;
			sourceTree = "<group>";
		};
		8C58AEF81A4894A90016A52A /* Initial Launch View Controller */ = {
			isa = PBXGroup;
			children = (
				8C58AEFD1A48983C0016A52A /* SBViewController.xib */,
				8C58AEF91A4894A90016A52A /* SBViewController.swift */,
			);
			path = "Initial Launch View Controller";
			sourceTree = "<group>";
		};
		8C58AEFA1A4894A90016A52A /* Passing Data */ = {
			isa = PBXGroup;
			children = (
			);
			path = "Passing Data";
			sourceTree = "<group>";
		};
/* End PBXGroup section */

/* Begin PBXNativeTarget section */
		8C58AECE1A4893F30016A52A /* Storyboard_Example_Swift */ = {
			isa = PBXNativeTarget;
			buildConfigurationList = 8C58AEEE1A4893F30016A52A /* Build configuration list for PBXNativeTarget "Storyboard_Example_Swift" */;
			buildPhases = (
				8C58AECB1A4893F30016A52A /* Sources */,
				8C58AECC1A4893F30016A52A /* Frameworks */,
				8C58AECD1A4893F30016A52A /* Resources */,
			);
			buildRules = (
			);
			dependencies = (
			);
			name = Storyboard_Example_Swift;
			productName = Storyboard_Example_Swift;
			productReference = 8C58AECF1A4893F30016A52A /* Storyboard_Example_Swift.app */;
			productType = "com.apple.product-type.application";
		};
		8C58AEE31A4893F30016A52A /* Storyboard_Example_SwiftTests */ = {
			isa = PBXNativeTarget;
			buildConfigurationList = 8C58AEF11A4893F30016A52A /* Build configuration list for PBXNativeTarget "Storyboard_Example_SwiftTests" */;
			buildPhases = (
				8C58AEE01A4893F30016A52A /* Sources */,
				8C58AEE11A4893F30016A52A /* Frameworks */,
				8C58AEE21A4893F30016A52A /* Resources */,
			);
			buildRules = (
			);
			dependencies = (
				8C58AEE61A4893F30016A52A /* PBXTargetDependency */,
			);
			name = Storyboard_Example_SwiftTests;
			productName = Storyboard_Example_SwiftTests;
			productReference = 8C58AEE41A4893F30016A52A /* Storyboard_Example_SwiftTests.xctest */;
			productType = "com.apple.product-type.bundle.unit-test";
		};
/* End PBXNativeTarget section */

/* Begin PBXProject section */
		8C58AEC71A4893F30016A52A /* Project object */ = {
			isa = PBXProject;
			attributes = {
				LastUpgradeCheck = 0610;
				ORGANIZATIONNAME = footyapps27;
				TargetAttributes = {
					8C58AECE1A4893F30016A52A = {
						CreatedOnToolsVersion = 6.1.1;
					};
					8C58AEE31A4893F30016A52A = {
						CreatedOnToolsVersion = 6.1.1;
						TestTargetID = 8C58AECE1A4893F30016A52A;
					};
				};
			};
			buildConfigurationList = 8C58AECA1A4893F30016A52A /* Build configuration list for PBXProject "Storyboard_Example_Swift" */;
			compatibilityVersion = "Xcode 3.2";
			developmentRegion = English;
			hasScannedForEncodings = 0;
			knownRegions = (
				en,
				Base,
			);
			mainGroup = 8C58AEC61A4893F30016A52A;
			productRefGroup = 8C58AED01A4893F30016A52A /* Products */;
			projectDirPath = "";
			projectRoot = "";
			targets = (
				8C58AECE1A4893F30016A52A /* Storyboard_Example_Swift */,
				8C58AEE31A4893F30016A52A /* Storyboard_Example_SwiftTests */,
			);
		};
/* End PBXProject section */

/* Begin PBXResourcesBuildPhase section */
		8C58AECD1A4893F30016A52A /* Resources */ = {
			isa = PBXResourcesBuildPhase;
			buildActionMask = 2147483647;
			files = (
				8C58AEDF1A4893F30016A52A /* LaunchScreen.xib in Resources */,
				8C58AEFE1A48983C0016A52A /* SBViewController.xib in Resources */,
				8C58AEDC1A4893F30016A52A /* Images.xcassets in Resources */,
			);
			runOnlyForDeploymentPostprocessing = 0;
		};
		8C58AEE21A4893F30016A52A /* Resources */ = {
			isa = PBXResourcesBuildPhase;
			buildActionMask = 2147483647;
			files = (
			);
			runOnlyForDeploymentPostprocessing = 0;
		};
/* End PBXResourcesBuildPhase section */

/* Begin PBXSourcesBuildPhase section */
		8C58AECB1A4893F30016A52A /* Sources */ = {
			isa = PBXSourcesBuildPhase;
			buildActionMask = 2147483647;
			files = (
				8C58AEFC1A4894A90016A52A /* SBViewController.swift in Sources */,
				8C58AEFB1A4894A90016A52A /* AppDelegate.swift in Sources */,
			);
			runOnlyForDeploymentPostprocessing = 0;
		};
		8C58AEE01A4893F30016A52A /* Sources */ = {
			isa = PBXSourcesBuildPhase;
			buildActionMask = 2147483647;
			files = (
				8C58AEEB1A4893F30016A52A /* Storyboard_Example_SwiftTests.swift in Sources */,
			);
			runOnlyForDeploymentPostprocessing = 0;
		};
/* End PBXSourcesBuildPhase section */

/* Begin PBXTargetDependency section */
		8C58AEE61A4893F30016A52A /* PBXTargetDependency */ = {
			isa = PBXTargetDependency;
			target = 8C58AECE1A4893F30016A52A /* Storyboard_Example_Swift */;
			targetProxy = 8C58AEE51A4893F30016A52A /* PBXContainerItemProxy */;
		};
/* End PBXTargetDependency section */

/* Begin PBXVariantGroup section */
		8C58AEDD1A4893F30016A52A /* LaunchScreen.xib */ = {
			isa = PBXVariantGroup;
			children = (
				8C58AEDE1A4893F30016A52A /* Base */,
			);
			name = LaunchScreen.xib;
			sourceTree = "<group>";
		};
/* End PBXVariantGroup section */

/* Begin XCBuildConfiguration section */
		8C58AEEC1A4893F30016A52A /* Debug */ = {
			isa = XCBuildConfiguration;
			buildSettings = {
				ALWAYS_SEARCH_USER_PATHS = NO;
				CLANG_CXX_LANGUAGE_STANDARD = "gnu++0x";
				CLANG_CXX_LIBRARY = "libc++";
				CLANG_ENABLE_MODULES = YES;
				CLANG_ENABLE_OBJC_ARC = YES;
				CLANG_WARN_BOOL_CONVERSION = YES;
				CLANG_WARN_CONSTANT_CONVERSION = YES;
				CLANG_WARN_DIRECT_OBJC_ISA_USAGE = YES_ERROR;
				CLANG_WARN_EMPTY_BODY = YES;
				CLANG_WARN_ENUM_CONVERSION = YES;
				CLANG_WARN_INT_CONVERSION = YES;
				CLANG_WARN_OBJC_ROOT_CLASS = YES_ERROR;
				CLANG_WARN_UNREACHABLE_CODE = YES;
				CLANG_WARN__DUPLICATE_METHOD_MATCH = YES;
				"CODE_SIGN_IDENTITY[sdk=iphoneos*]" = "iPhone Developer";
				COPY_PHASE_STRIP = NO;
				ENABLE_STRICT_OBJC_MSGSEND = YES;
				GCC_C_LANGUAGE_STANDARD = gnu99;
				GCC_DYNAMIC_NO_PIC = NO;
				GCC_OPTIMIZATION_LEVEL = 0;
				GCC_PREPROCESSOR_DEFINITIONS = (
					"DEBUG=1",
					"$(inherited)",
				);
				GCC_SYMBOLS_PRIVATE_EXTERN = NO;
				GCC_WARN_64_TO_32_BIT_CONVERSION = YES;
				GCC_WARN_ABOUT_RETURN_TYPE = YES_ERROR;
				GCC_WARN_UNDECLARED_SELECTOR = YES;
				GCC_WARN_UNINITIALIZED_AUTOS = YES_AGGRESSIVE;
				GCC_WARN_UNUSED_FUNCTION = YES;
				GCC_WARN_UNUSED_VARIABLE = YES;
				IPHONEOS_DEPLOYMENT_TARGET = 8.1;
				MTL_ENABLE_DEBUG_INFO = YES;
				ONLY_ACTIVE_ARCH = YES;
				SDKROOT = iphoneos;
				SWIFT_OPTIMIZATION_LEVEL = "-Onone";
				TARGETED_DEVICE_FAMILY = "1,2";
			};
			name = Debug;
		};
		8C58AEED1A4893F30016A52A /* Release */ = {
			isa = XCBuildConfiguration;
			buildSettings = {
				ALWAYS_SEARCH_USER_PATHS = NO;
				CLANG_CXX_LANGUAGE_STANDARD = "gnu++0x";
				CLANG_CXX_LIBRARY = "libc++";
				CLANG_ENABLE_MODULES = YES;
				CLANG_ENABLE_OBJC_ARC = YES;
				CLANG_WARN_BOOL_CONVERSION = YES;
				CLANG_WARN_CONSTANT_CONVERSION = YES;
				CLANG_WARN_DIRECT_OBJC_ISA_USAGE = YES_ERROR;
				CLANG_WARN_EMPTY_BODY = YES;
				CLANG_WARN_ENUM_CONVERSION = YES;
				CLANG_WARN_INT_CONVERSION = YES;
				CLANG_WARN_OBJC_ROOT_CLASS = YES_ERROR;
				CLANG_WARN_UNREACHABLE_CODE = YES;
				CLANG_WARN__DUPLICATE_METHOD_MATCH = YES;
				"CODE_SIGN_IDENTITY[sdk=iphoneos*]" = "iPhone Developer";
				COPY_PHASE_STRIP = YES;
				ENABLE_NS_ASSERTIONS = NO;
				ENABLE_STRICT_OBJC_MSGSEND = YES;
				GCC_C_LANGUAGE_STANDARD = gnu99;
				GCC_WARN_64_TO_32_BIT_CONVERSION = YES;
				GCC_WARN_ABOUT_RETURN_TYPE = YES_ERROR;
				GCC_WARN_UNDECLARED_SELECTOR = YES;
				GCC_WARN_UNINITIALIZED_AUTOS = YES_AGGRESSIVE;
				GCC_WARN_UNUSED_FUNCTION = YES;
				GCC_WARN_UNUSED_VARIABLE = YES;
				IPHONEOS_DEPLOYMENT_TARGET = 8.1;
				MTL_ENABLE_DEBUG_INFO = NO;
				SDKROOT = iphoneos;
				TARGETED_DEVICE_FAMILY = "1,2";
				VALIDATE_PRODUCT = YES;
			};
			name = Release;
		};
		8C58AEEF1A4893F30016A52A /* Debug */ = {
			isa = XCBuildConfiguration;
			buildSettings = {
				ASSETCATALOG_COMPILER_APPICON_NAME = AppIcon;
				INFOPLIST_FILE = Storyboard_Example_Swift/Info.plist;
				LD_RUNPATH_SEARCH_PATHS = "$(inherited) @executable_path/Frameworks";
				PRODUCT_NAME = "$(TARGET_NAME)";
			};
			name = Debug;
		};
		8C58AEF01A4893F30016A52A /* Release */ = {
			isa = XCBuildConfiguration;
			buildSettings = {
				ASSETCATALOG_COMPILER_APPICON_NAME = AppIcon;
				INFOPLIST_FILE = Storyboard_Example_Swift/Info.plist;
				LD_RUNPATH_SEARCH_PATHS = "$(inherited) @executable_path/Frameworks";
				PRODUCT_NAME = "$(TARGET_NAME)";
			};
			name = Release;
		};
		8C58AEF21A4893F30016A52A /* Debug */ = {
			isa = XCBuildConfiguration;
			buildSettings = {
				BUNDLE_LOADER = "$(TEST_HOST)";
				FRAMEWORK_SEARCH_PATHS = (
					"$(SDKROOT)/Developer/Library/Frameworks",
					"$(inherited)",
				);
				GCC_PREPROCESSOR_DEFINITIONS = (
					"DEBUG=1",
					"$(inherited)",
				);
				INFOPLIST_FILE = Storyboard_Example_SwiftTests/Info.plist;
				LD_RUNPATH_SEARCH_PATHS = "$(inherited) @executable_path/Frameworks @loader_path/Frameworks";
				PRODUCT_NAME = "$(TARGET_NAME)";
				TEST_HOST = "$(BUILT_PRODUCTS_DIR)/Storyboard_Example_Swift.app/Storyboard_Example_Swift";
			};
			name = Debug;
		};
		8C58AEF31A4893F30016A52A /* Release */ = {
			isa = XCBuildConfiguration;
			buildSettings = {
				BUNDLE_LOADER = "$(TEST_HOST)";
				FRAMEWORK_SEARCH_PATHS = (
					"$(SDKROOT)/Developer/Library/Frameworks",
					"$(inherited)",
				);
				INFOPLIST_FILE = Storyboard_Example_SwiftTests/Info.plist;
				LD_RUNPATH_SEARCH_PATHS = "$(inherited) @executable_path/Frameworks @loader_path/Frameworks";
				PRODUCT_NAME = "$(TARGET_NAME)";
				TEST_HOST = "$(BUILT_PRODUCTS_DIR)/Storyboard_Example_Swift.app/Storyboard_Example_Swift";
			};
			name = Release;
		};
/* End XCBuildConfiguration section */

/* Begin XCConfigurationList section */
		8C58AECA1A4893F30016A52A /* Build configuration list for PBXProject "Storyboard_Example_Swift" */ = {
			isa = XCConfigurationList;
			buildConfigurations = (
				8C58AEEC1A4893F30016A52A /* Debug */,
				8C58AEED1A4893F30016A52A /* Release */,
			);
			defaultConfigurationIsVisible = 0;
			defaultConfigurationName = Release;
		};
		8C58AEEE1A4893F30016A52A /* Build configuration list for PBXNativeTarget "Storyboard_Example_Swift" */ = {
			isa = XCConfigurationList;
			buildConfigurations = (
				8C58AEEF1A4893F30016A52A /* Debug */,
				8C58AEF01A4893F30016A52A /* Release */,
			);
			defaultConfigurationIsVisible = 0;
			defaultConfigurationName = Release;
		};
		8C58AEF11A4893F30016A52A /* Build configuration list for PBXNativeTarget "Storyboard_Example_SwiftTests" */ = {
			isa = XCConfigurationList;
			buildConfigurations = (
				8C58AEF21A4893F30016A52A /* Debug */,
				8C58AEF31A4893F30016A52A /* Release */,
			);
			defaultConfigurationIsVisible = 0;
			defaultConfigurationName = Release;
		};
/* End XCConfigurationList section */
	};
	rootObject = 8C58AEC71A4893F30016A52A /* Project object */;
}
